PODS:
  - DataStructExtension (0.2.0):
    - DataStructExtension/BinaryTree (= 0.2.0)
    - DataStructExtension/BitSet (= 0.2.0)
    - DataStructExtension/BloomFilter (= 0.2.0)
    - DataStructExtension/Hash (= 0.2.0)
    - DataStructExtension/LinkList (= 0.2.0)
    - DataStructExtension/Queue (= 0.2.0)
    - DataStructExtension/Stack (= 0.2.0)
  - DataStructExtension/BinaryTree (0.2.0)
  - DataStructExtension/BitSet (0.2.0)
  - DataStructExtension/BloomFilter (0.2.0):
    - DataStructExtension/BitSet
  - DataStructExtension/Hash (0.2.0)
  - DataStructExtension/LinkList (0.2.0):
    - DataStructExtension/Queue
    - DataStructExtension/Stack
  - DataStructExtension/Queue (0.2.0)
  - DataStructExtension/Stack (0.2.0)

DEPENDENCIES:
  - DataStructExtension (from `../`)

EXTERNAL SOURCES:
  DataStructExtension:
    :path: "../"

SPEC CHECKSUMS:
  DataStructExtension: 5c91d2109966e6ed236adc0142d8357e3b9de0ef

PODFILE CHECKSUM: 5f0893551b2108c79a1c7453de92862e388da21c

COCOAPODS: 1.9.1
