PODS:
  - DataStructExtension (0.1.0):
    - DataStructExtension/BinaryTree (= 0.1.0)
    - DataStructExtension/Hash (= 0.1.0)
    - DataStructExtension/LinkList (= 0.1.0)
    - DataStructExtension/Queue (= 0.1.0)
    - DataStructExtension/Stack (= 0.1.0)
  - DataStructExtension/BinaryTree (0.1.0)
  - DataStructExtension/Hash (0.1.0)
  - DataStructExtension/LinkList (0.1.0):
    - DataStructExtension/Queue
    - DataStructExtension/Stack
  - DataStructExtension/Queue (0.1.0)
  - DataStructExtension/Stack (0.1.0)

DEPENDENCIES:
  - DataStructExtension (from `../`)

EXTERNAL SOURCES:
  DataStructExtension:
    :path: "../"

SPEC CHECKSUMS:
  DataStructExtension: 2a6be6c98cb6ad78d1a8848be873da7437ea5b94

PODFILE CHECKSUM: 5f0893551b2108c79a1c7453de92862e388da21c

COCOAPODS: 1.9.1
