PODS:
  - DataStructExtension (0.1.0):
    - DataStructExtension/BinaryTree (= 0.1.0)
    - DataStructExtension/LinkList (= 0.1.0)
    - DataStructExtension/Queue (= 0.1.0)
  - DataStructExtension/BinaryTree (0.1.0)
  - DataStructExtension/LinkList (0.1.0)
  - DataStructExtension/Queue (0.1.0)

DEPENDENCIES:
  - DataStructExtension (from `../`)

EXTERNAL SOURCES:
  DataStructExtension:
    :path: "../"

SPEC CHECKSUMS:
  DataStructExtension: cd686931bc67aa5f9519b66649be11eef4f6268d

PODFILE CHECKSUM: 5f0893551b2108c79a1c7453de92862e388da21c

COCOAPODS: 1.9.1
